
Microsoft Visual Studio Solution File, Format Version 12.00
# Visual Studio Version 17
VisualStudioVersion = 17.11.35312.102
MinimumVisualStudioVersion = 10.0.40219.1
Project("{FAE04EC0-301F-11D3-BF4B-00C04F79EFBC}") = "Calcu", "Calcu\Calcu.csproj", "{D4709D9D-FDA5-4898-9698-A2F1C6C89AB1}"
EndProject
Project("{FAE04EC0-301F-11D3-BF4B-00C04F79EFBC}") = "Calcula.Test", "Calcula.Test\Calcula.Test.csproj", "{480467D5-73CF-4CF7-B8CD-57174CD65FE4}"
EndProject
Global
	GlobalSection(SolutionConfigurationPlatforms) = preSolution
		Debug|Any CPU = Debug|Any CPU
		Release|Any CPU = Release|Any CPU
	EndGlobalSection
	GlobalSection(ProjectConfigurationPlatforms) = postSolution
		{D4709D9D-FDA5-4898-9698-A2F1C6C89AB1}.Debug|Any CPU.ActiveCfg = Debug|Any CPU
		{D4709D9D-FDA5-4898-9698-A2F1C6C89AB1}.Debug|Any CPU.Build.0 = Debug|Any CPU
		{D4709D9D-FDA5-4898-9698-A2F1C6C89AB1}.Release|Any CPU.ActiveCfg = Release|Any CPU
		{D4709D9D-FDA5-4898-9698-A2F1C6C89AB1}.Release|Any CPU.Build.0 = Release|Any CPU
		{480467D5-73CF-4CF7-B8CD-57174CD65FE4}.Debug|Any CPU.ActiveCfg = Debug|Any CPU
		{480467D5-73CF-4CF7-B8CD-57174CD65FE4}.Debug|Any CPU.Build.0 = Debug|Any CPU
		{480467D5-73CF-4CF7-B8CD-57174CD65FE4}.Release|Any CPU.ActiveCfg = Release|Any CPU
		{480467D5-73CF-4CF7-B8CD-57174CD65FE4}.Release|Any CPU.Build.0 = Release|Any CPU
	EndGlobalSection
	GlobalSection(SolutionProperties) = preSolution
		HideSolutionNode = FALSE
	EndGlobalSection
	GlobalSection(ExtensibilityGlobals) = postSolution
		SolutionGuid = {E064E1E8-20D3-481A-9B08-FBED90B3E450}
	EndGlobalSection
EndGlobal
